
Microsoft Visual Studio Solution File, Format Version 12.00
# Visual Studio 15
VisualStudioVersion = 15.0.27428.2037
MinimumVisualStudioVersion = 10.0.40219.1
Project("{FAE04EC0-301F-11D3-BF4B-00C04F79EFBC}") = "EncryptingConfiguration", "EncryptingConfiguration\EncryptingConfiguration.csproj", "{33F107F7-A0CA-4CFB-A4C8-D468AB6583FC}"
EndProject
Global
	GlobalSection(SolutionConfigurationPlatforms) = preSolution
		Debug|Any CPU = Debug|Any CPU
		Release|Any CPU = Release|Any CPU
	EndGlobalSection
	GlobalSection(ProjectConfigurationPlatforms) = postSolution
		{33F107F7-A0CA-4CFB-A4C8-D468AB6583FC}.Debug|Any CPU.ActiveCfg = Debug|Any CPU
		{33F107F7-A0CA-4CFB-A4C8-D468AB6583FC}.Debug|Any CPU.Build.0 = Debug|Any CPU
		{33F107F7-A0CA-4CFB-A4C8-D468AB6583FC}.Release|Any CPU.ActiveCfg = Release|Any CPU
		{33F107F7-A0CA-4CFB-A4C8-D468AB6583FC}.Release|Any CPU.Build.0 = Release|Any CPU
	EndGlobalSection
	GlobalSection(SolutionProperties) = preSolution
		HideSolutionNode = FALSE
	EndGlobalSection
	GlobalSection(ExtensibilityGlobals) = postSolution
		SolutionGuid = {4D81B143-F07C-4D4B-BE17-8FCD114ACD16}
	EndGlobalSection
EndGlobal
